
Microsoft Visual Studio Solution File, Format Version 12.00
# Visual Studio Version 17
VisualStudioVersion = 17.11.35431.28
MinimumVisualStudioVersion = 10.0.40219.1
Project("{9A19103F-16F7-4668-BE54-9A1E7A4F7556}") = "ProfitGuard", "ProfitGuard.csproj", "{1D7296DF-88F5-44F9-927F-F867CAFED918}"
EndProject
Global
	GlobalSection(SolutionConfigurationPlatforms) = preSolution
		Debug|Any CPU = Debug|Any CPU
		Release|Any CPU = Release|Any CPU
	EndGlobalSection
	GlobalSection(ProjectConfigurationPlatforms) = postSolution
		{1D7296DF-88F5-44F9-927F-F867CAFED918}.Debug|Any CPU.ActiveCfg = Debug|Any CPU
		{1D7296DF-88F5-44F9-927F-F867CAFED918}.Debug|Any CPU.Build.0 = Debug|Any CPU
		{1D7296DF-88F5-44F9-927F-F867CAFED918}.Release|Any CPU.ActiveCfg = Release|Any CPU
		{1D7296DF-88F5-44F9-927F-F867CAFED918}.Release|Any CPU.Build.0 = Release|Any CPU
	EndGlobalSection
	GlobalSection(SolutionProperties) = preSolution
		HideSolutionNode = FALSE
	EndGlobalSection
	GlobalSection(ExtensibilityGlobals) = postSolution
		SolutionGuid = {79547539-9ADE-4D5E-A57E-676074E540BB}
	EndGlobalSection
EndGlobal
